
Microsoft Visual Studio Solution File, Format Version 12.00
# Visual Studio Version 16
VisualStudioVersion = 16.0.31702.278
MinimumVisualStudioVersion = 10.0.40219.1
Project("{FAE04EC0-301F-11D3-BF4B-00C04F79EFBC}") = "BlackJack.Android", "BlackJack\BlackJack.Android\BlackJack.Android.csproj", "{131CDF9B-DEB4-4205-A909-55F32B63DC4A}"
EndProject
Project("{FAE04EC0-301F-11D3-BF4B-00C04F79EFBC}") = "BlackJack.iOS", "BlackJack\BlackJack.iOS\BlackJack.iOS.csproj", "{478FB1E9-D47F-40BA-B469-0302E53C1D22}"
EndProject
Project("{FAE04EC0-301F-11D3-BF4B-00C04F79EFBC}") = "BlackJack", "BlackJack\BlackJack\BlackJack.csproj", "{2A6A2692-2DCB-430B-8B17-0E33B0E56A18}"
EndProject
Global
	GlobalSection(SolutionConfigurationPlatforms) = preSolution
		Debug|Any CPU = Debug|Any CPU
		Debug|iPhone = Debug|iPhone
		Debug|iPhoneSimulator = Debug|iPhoneSimulator
		Release|Any CPU = Release|Any CPU
		Release|iPhone = Release|iPhone
		Release|iPhoneSimulator = Release|iPhoneSimulator
	EndGlobalSection
	GlobalSection(ProjectConfigurationPlatforms) = postSolution
		{131CDF9B-DEB4-4205-A909-55F32B63DC4A}.Debug|Any CPU.ActiveCfg = Debug|Any CPU
		{131CDF9B-DEB4-4205-A909-55F32B63DC4A}.Debug|Any CPU.Build.0 = Debug|Any CPU
		{131CDF9B-DEB4-4205-A909-55F32B63DC4A}.Debug|Any CPU.Deploy.0 = Debug|Any CPU
		{131CDF9B-DEB4-4205-A909-55F32B63DC4A}.Debug|iPhone.ActiveCfg = Debug|Any CPU
		{131CDF9B-DEB4-4205-A909-55F32B63DC4A}.Debug|iPhone.Build.0 = Debug|Any CPU
		{131CDF9B-DEB4-4205-A909-55F32B63DC4A}.Debug|iPhone.Deploy.0 = Debug|Any CPU
		{131CDF9B-DEB4-4205-A909-55F32B63DC4A}.Debug|iPhoneSimulator.ActiveCfg = Debug|Any CPU
		{131CDF9B-DEB4-4205-A909-55F32B63DC4A}.Debug|iPhoneSimulator.Build.0 = Debug|Any CPU
		{131CDF9B-DEB4-4205-A909-55F32B63DC4A}.Debug|iPhoneSimulator.Deploy.0 = Debug|Any CPU
		{131CDF9B-DEB4-4205-A909-55F32B63DC4A}.Release|Any CPU.ActiveCfg = Release|Any CPU
		{131CDF9B-DEB4-4205-A909-55F32B63DC4A}.Release|Any CPU.Build.0 = Release|Any CPU
		{131CDF9B-DEB4-4205-A909-55F32B63DC4A}.Release|Any CPU.Deploy.0 = Release|Any CPU
		{131CDF9B-DEB4-4205-A909-55F32B63DC4A}.Release|iPhone.ActiveCfg = Release|Any CPU
		{131CDF9B-DEB4-4205-A909-55F32B63DC4A}.Release|iPhone.Build.0 = Release|Any CPU
		{131CDF9B-DEB4-4205-A909-55F32B63DC4A}.Release|iPhone.Deploy.0 = Release|Any CPU
		{131CDF9B-DEB4-4205-A909-55F32B63DC4A}.Release|iPhoneSimulator.ActiveCfg = Release|Any CPU
		{131CDF9B-DEB4-4205-A909-55F32B63DC4A}.Release|iPhoneSimulator.Build.0 = Release|Any CPU
		{131CDF9B-DEB4-4205-A909-55F32B63DC4A}.Release|iPhoneSimulator.Deploy.0 = Release|Any CPU
		{478FB1E9-D47F-40BA-B469-0302E53C1D22}.Debug|Any CPU.ActiveCfg = Debug|iPhone
		{478FB1E9-D47F-40BA-B469-0302E53C1D22}.Debug|Any CPU.Build.0 = Debug|iPhone
		{478FB1E9-D47F-40BA-B469-0302E53C1D22}.Debug|Any CPU.Deploy.0 = Debug|iPhone
		{478FB1E9-D47F-40BA-B469-0302E53C1D22}.Debug|iPhone.ActiveCfg = Debug|iPhone
		{478FB1E9-D47F-40BA-B469-0302E53C1D22}.Debug|iPhone.Build.0 = Debug|iPhone
		{478FB1E9-D47F-40BA-B469-0302E53C1D22}.Debug|iPhone.Deploy.0 = Debug|iPhone
		{478FB1E9-D47F-40BA-B469-0302E53C1D22}.Debug|iPhoneSimulator.ActiveCfg = Debug|iPhoneSimulator
		{478FB1E9-D47F-40BA-B469-0302E53C1D22}.Debug|iPhoneSimulator.Build.0 = Debug|iPhoneSimulator
		{478FB1E9-D47F-40BA-B469-0302E53C1D22}.Debug|iPhoneSimulator.Deploy.0 = Debug|iPhoneSimulator
		{478FB1E9-D47F-40BA-B469-0302E53C1D22}.Release|Any CPU.ActiveCfg = Release|iPhoneSimulator
		{478FB1E9-D47F-40BA-B469-0302E53C1D22}.Release|Any CPU.Build.0 = Release|iPhoneSimulator
		{478FB1E9-D47F-40BA-B469-0302E53C1D22}.Release|Any CPU.Deploy.0 = Release|iPhoneSimulator
		{478FB1E9-D47F-40BA-B469-0302E53C1D22}.Release|iPhone.ActiveCfg = Release|iPhone
		{478FB1E9-D47F-40BA-B469-0302E53C1D22}.Release|iPhone.Build.0 = Release|iPhone
		{478FB1E9-D47F-40BA-B469-0302E53C1D22}.Release|iPhone.Deploy.0 = Release|iPhone
		{478FB1E9-D47F-40BA-B469-0302E53C1D22}.Release|iPhoneSimulator.ActiveCfg = Release|iPhoneSimulator
		{478FB1E9-D47F-40BA-B469-0302E53C1D22}.Release|iPhoneSimulator.Build.0 = Release|iPhoneSimulator
		{478FB1E9-D47F-40BA-B469-0302E53C1D22}.Release|iPhoneSimulator.Deploy.0 = Release|iPhoneSimulator
		{2A6A2692-2DCB-430B-8B17-0E33B0E56A18}.Debug|Any CPU.ActiveCfg = Debug|Any CPU
		{2A6A2692-2DCB-430B-8B17-0E33B0E56A18}.Debug|Any CPU.Build.0 = Debug|Any CPU
		{2A6A2692-2DCB-430B-8B17-0E33B0E56A18}.Debug|Any CPU.Deploy.0 = Debug|Any CPU
		{2A6A2692-2DCB-430B-8B17-0E33B0E56A18}.Debug|iPhone.ActiveCfg = Debug|Any CPU
		{2A6A2692-2DCB-430B-8B17-0E33B0E56A18}.Debug|iPhone.Build.0 = Debug|Any CPU
		{2A6A2692-2DCB-430B-8B17-0E33B0E56A18}.Debug|iPhone.Deploy.0 = Debug|Any CPU
		{2A6A2692-2DCB-430B-8B17-0E33B0E56A18}.Debug|iPhoneSimulator.ActiveCfg = Debug|Any CPU
		{2A6A2692-2DCB-430B-8B17-0E33B0E56A18}.Debug|iPhoneSimulator.Build.0 = Debug|Any CPU
		{2A6A2692-2DCB-430B-8B17-0E33B0E56A18}.Debug|iPhoneSimulator.Deploy.0 = Debug|Any CPU
		{2A6A2692-2DCB-430B-8B17-0E33B0E56A18}.Release|Any CPU.ActiveCfg = Release|Any CPU
		{2A6A2692-2DCB-430B-8B17-0E33B0E56A18}.Release|Any CPU.Build.0 = Release|Any CPU
		{2A6A2692-2DCB-430B-8B17-0E33B0E56A18}.Release|Any CPU.Deploy.0 = Release|Any CPU
		{2A6A2692-2DCB-430B-8B17-0E33B0E56A18}.Release|iPhone.ActiveCfg = Release|Any CPU
		{2A6A2692-2DCB-430B-8B17-0E33B0E56A18}.Release|iPhone.Build.0 = Release|Any CPU
		{2A6A2692-2DCB-430B-8B17-0E33B0E56A18}.Release|iPhone.Deploy.0 = Release|Any CPU
		{2A6A2692-2DCB-430B-8B17-0E33B0E56A18}.Release|iPhoneSimulator.ActiveCfg = Release|Any CPU
		{2A6A2692-2DCB-430B-8B17-0E33B0E56A18}.Release|iPhoneSimulator.Build.0 = Release|Any CPU
		{2A6A2692-2DCB-430B-8B17-0E33B0E56A18}.Release|iPhoneSimulator.Deploy.0 = Release|Any CPU
	EndGlobalSection
	GlobalSection(SolutionProperties) = preSolution
		HideSolutionNode = FALSE
	EndGlobalSection
	GlobalSection(ExtensibilityGlobals) = postSolution
		SolutionGuid = {08064D69-919F-4BED-BC7E-FF56E609ABDB}
	EndGlobalSection
EndGlobal
